{
  "name": "TravelBookingPortal",
  "lockfileVersion": 3,
  "requires": true,
  "packages": {
    "": {
      "dependencies": {
        "material-design-iconic-font": "^2.2.0"
      }
    },
    "node_modules/material-design-iconic-font": {
      "version": "2.2.0",
      "resolved": "https://registry.npmjs.org/material-design-iconic-font/-/material-design-iconic-font-2.2.0.tgz",
      "integrity": "sha512-5GWII2AeN4rucHBRUipHJw6ObxzLZeShjQOIPe9d6n5wW2u38f7wnvHbovIM+dYLt6QXurc9uU+RQMEb+011Cg==",
      "license": "MIT"
    }
  }
}
